
Microsoft Visual Studio Solution File, Format Version 12.00
# Visual Studio Version 17
VisualStudioVersion = 17.8.34330.188
MinimumVisualStudioVersion = 10.0.40219.1
Project("{FAE04EC0-301F-11D3-BF4B-00C04F79EFBC}") = "TopScorers", "TopScorers.csproj", "{E712A490-0E25-4E7B-ADC1-DCF6C29793BC}"
EndProject
Project("{FAE04EC0-301F-11D3-BF4B-00C04F79EFBC}") = "TopScorerTests", "..\TopScorerTests\TopScorerTests.csproj", "{AEC28CC6-460B-4A71-A09C-7258DBAF91DA}"
EndProject
Global
	GlobalSection(SolutionConfigurationPlatforms) = preSolution
		Debug|Any CPU = Debug|Any CPU
		Release|Any CPU = Release|Any CPU
	EndGlobalSection
	GlobalSection(ProjectConfigurationPlatforms) = postSolution
		{E712A490-0E25-4E7B-ADC1-DCF6C29793BC}.Debug|Any CPU.ActiveCfg = Debug|Any CPU
		{E712A490-0E25-4E7B-ADC1-DCF6C29793BC}.Debug|Any CPU.Build.0 = Debug|Any CPU
		{E712A490-0E25-4E7B-ADC1-DCF6C29793BC}.Release|Any CPU.ActiveCfg = Release|Any CPU
		{E712A490-0E25-4E7B-ADC1-DCF6C29793BC}.Release|Any CPU.Build.0 = Release|Any CPU
		{AEC28CC6-460B-4A71-A09C-7258DBAF91DA}.Debug|Any CPU.ActiveCfg = Debug|Any CPU
		{AEC28CC6-460B-4A71-A09C-7258DBAF91DA}.Debug|Any CPU.Build.0 = Debug|Any CPU
		{AEC28CC6-460B-4A71-A09C-7258DBAF91DA}.Release|Any CPU.ActiveCfg = Release|Any CPU
		{AEC28CC6-460B-4A71-A09C-7258DBAF91DA}.Release|Any CPU.Build.0 = Release|Any CPU
	EndGlobalSection
	GlobalSection(SolutionProperties) = preSolution
		HideSolutionNode = FALSE
	EndGlobalSection
	GlobalSection(ExtensibilityGlobals) = postSolution
		SolutionGuid = {4C1CE378-B6EF-45A2-B64D-63070FA055A1}
	EndGlobalSection
EndGlobal
